
Microsoft Visual Studio Solution File, Format Version 12.00
# Visual Studio Version 17
VisualStudioVersion = 17.7.34024.191
MinimumVisualStudioVersion = 10.0.40219.1
Project("{FAE04EC0-301F-11D3-BF4B-00C04F79EFBC}") = "Day6", "Day6\Day6.csproj", "{E789B3C0-CDA3-4168-BE4E-965A5F3EDF29}"
EndProject
Global
	GlobalSection(SolutionConfigurationPlatforms) = preSolution
		Debug|Any CPU = Debug|Any CPU
		Release|Any CPU = Release|Any CPU
	EndGlobalSection
	GlobalSection(ProjectConfigurationPlatforms) = postSolution
		{E789B3C0-CDA3-4168-BE4E-965A5F3EDF29}.Debug|Any CPU.ActiveCfg = Debug|Any CPU
		{E789B3C0-CDA3-4168-BE4E-965A5F3EDF29}.Debug|Any CPU.Build.0 = Debug|Any CPU
		{E789B3C0-CDA3-4168-BE4E-965A5F3EDF29}.Release|Any CPU.ActiveCfg = Release|Any CPU
		{E789B3C0-CDA3-4168-BE4E-965A5F3EDF29}.Release|Any CPU.Build.0 = Release|Any CPU
	EndGlobalSection
	GlobalSection(SolutionProperties) = preSolution
		HideSolutionNode = FALSE
	EndGlobalSection
	GlobalSection(ExtensibilityGlobals) = postSolution
		SolutionGuid = {260EF93D-4EBB-43E8-9EAC-DA9DBBF83AD7}
	EndGlobalSection
EndGlobal
