
Microsoft Visual Studio Solution File, Format Version 12.00
# Visual Studio Version 17
VisualStudioVersion = 17.7.34024.191
MinimumVisualStudioVersion = 10.0.40219.1
Project("{FAE04EC0-301F-11D3-BF4B-00C04F79EFBC}") = "DummyWEB-API-4", "DummyWEB-API-4\DummyWEB-API-4.csproj", "{BD1573C4-2644-4567-9768-61DF4C22A653}"
EndProject
Global
	GlobalSection(SolutionConfigurationPlatforms) = preSolution
		Debug|Any CPU = Debug|Any CPU
		Release|Any CPU = Release|Any CPU
	EndGlobalSection
	GlobalSection(ProjectConfigurationPlatforms) = postSolution
		{BD1573C4-2644-4567-9768-61DF4C22A653}.Debug|Any CPU.ActiveCfg = Debug|Any CPU
		{BD1573C4-2644-4567-9768-61DF4C22A653}.Debug|Any CPU.Build.0 = Debug|Any CPU
		{BD1573C4-2644-4567-9768-61DF4C22A653}.Release|Any CPU.ActiveCfg = Release|Any CPU
		{BD1573C4-2644-4567-9768-61DF4C22A653}.Release|Any CPU.Build.0 = Release|Any CPU
	EndGlobalSection
	GlobalSection(SolutionProperties) = preSolution
		HideSolutionNode = FALSE
	EndGlobalSection
	GlobalSection(ExtensibilityGlobals) = postSolution
		SolutionGuid = {8FAC7EC0-AA8A-4A5E-ABAE-4CF4161DC3E5}
	EndGlobalSection
EndGlobal
