
Microsoft Visual Studio Solution File, Format Version 12.00
# Visual Studio Version 17
VisualStudioVersion = 17.7.34024.191
MinimumVisualStudioVersion = 10.0.40219.1
Project("{FAE04EC0-301F-11D3-BF4B-00C04F79EFBC}") = "DummyWEB-API-5", "DummyWEB-API-5\DummyWEB-API-5.csproj", "{4EFA8DF0-26EC-496A-82BC-D7CA0CA70AD4}"
EndProject
Global
	GlobalSection(SolutionConfigurationPlatforms) = preSolution
		Debug|Any CPU = Debug|Any CPU
		Release|Any CPU = Release|Any CPU
	EndGlobalSection
	GlobalSection(ProjectConfigurationPlatforms) = postSolution
		{4EFA8DF0-26EC-496A-82BC-D7CA0CA70AD4}.Debug|Any CPU.ActiveCfg = Debug|Any CPU
		{4EFA8DF0-26EC-496A-82BC-D7CA0CA70AD4}.Debug|Any CPU.Build.0 = Debug|Any CPU
		{4EFA8DF0-26EC-496A-82BC-D7CA0CA70AD4}.Release|Any CPU.ActiveCfg = Release|Any CPU
		{4EFA8DF0-26EC-496A-82BC-D7CA0CA70AD4}.Release|Any CPU.Build.0 = Release|Any CPU
	EndGlobalSection
	GlobalSection(SolutionProperties) = preSolution
		HideSolutionNode = FALSE
	EndGlobalSection
	GlobalSection(ExtensibilityGlobals) = postSolution
		SolutionGuid = {5CC514D9-1C49-4D5B-BAF9-DF4A338468D1}
	EndGlobalSection
EndGlobal
