
Microsoft Visual Studio Solution File, Format Version 12.00
# Visual Studio Version 17
VisualStudioVersion = 17.7.34024.191
MinimumVisualStudioVersion = 10.0.40219.1
Project("{FAE04EC0-301F-11D3-BF4B-00C04F79EFBC}") = "WebApplication2", "WebApplication2\WebApplication2.csproj", "{0C1F6759-3B00-4931-8AD5-3BAA22B97526}"
EndProject
Global
	GlobalSection(SolutionConfigurationPlatforms) = preSolution
		Debug|Any CPU = Debug|Any CPU
		Release|Any CPU = Release|Any CPU
	EndGlobalSection
	GlobalSection(ProjectConfigurationPlatforms) = postSolution
		{0C1F6759-3B00-4931-8AD5-3BAA22B97526}.Debug|Any CPU.ActiveCfg = Debug|Any CPU
		{0C1F6759-3B00-4931-8AD5-3BAA22B97526}.Debug|Any CPU.Build.0 = Debug|Any CPU
		{0C1F6759-3B00-4931-8AD5-3BAA22B97526}.Release|Any CPU.ActiveCfg = Release|Any CPU
		{0C1F6759-3B00-4931-8AD5-3BAA22B97526}.Release|Any CPU.Build.0 = Release|Any CPU
	EndGlobalSection
	GlobalSection(SolutionProperties) = preSolution
		HideSolutionNode = FALSE
	EndGlobalSection
	GlobalSection(ExtensibilityGlobals) = postSolution
		SolutionGuid = {4012ED4D-BD45-4D54-BB99-D5E5013743A1}
	EndGlobalSection
EndGlobal
